
Microsoft Visual Studio Solution File, Format Version 12.00
# Visual Studio 14
VisualStudioVersion = 14.0.23107.0
MinimumVisualStudioVersion = 10.0.40219.1
Project("{8BC9CEB8-8B4A-11D0-8D11-00A0C91BC942}") = "RemoteControlExample", "RemoteControlExample.vcxproj", "{B03960D2-1808-490F-A185-1A5FF994977A}"
EndProject
Global
	GlobalSection(SolutionConfigurationPlatforms) = preSolution
		Debug|x86 = Debug|x86
		Release|x86 = Release|x86
	EndGlobalSection
	GlobalSection(ProjectConfigurationPlatforms) = postSolution
		{B03960D2-1808-490F-A185-1A5FF994977A}.Debug|x86.ActiveCfg = Debug|Win32
		{B03960D2-1808-490F-A185-1A5FF994977A}.Debug|x86.Build.0 = Debug|Win32
		{B03960D2-1808-490F-A185-1A5FF994977A}.Release|x86.ActiveCfg = Release|Win32
		{B03960D2-1808-490F-A185-1A5FF994977A}.Release|x86.Build.0 = Release|Win32
	EndGlobalSection
	GlobalSection(SolutionProperties) = preSolution
		HideSolutionNode = FALSE
	EndGlobalSection
EndGlobal
